{
  "lockfile_version": "1",
  "packages": {
    "go@1.22.1": {
      "last_modified": "2024-04-02T02:53:36Z",
      "resolved": "github:NixOS/nixpkgs/080a4a27f206d07724b88da096e27ef63401a504#go",
      "source": "devbox-search",
      "version": "1.22.1",
      "systems": {
        "aarch64-darwin": {
          "outputs": [
            {
              "name": "out",
              "path": "/nix/store/pi4myqk3ssdk2lp6z05h3yywknlr07i5-go-1.22.1",
              "default": true
            }
          ],
          "store_path": "/nix/store/pi4myqk3ssdk2lp6z05h3yywknlr07i5-go-1.22.1"
        },
        "aarch64-linux": {
          "outputs": [
            {
              "name": "out",
              "path": "/nix/store/f6wjnm79kazrf8qrg7wjx1va9h874j5a-go-1.22.1",
              "default": true
            }
          ],
          "store_path": "/nix/store/f6wjnm79kazrf8qrg7wjx1va9h874j5a-go-1.22.1"
        },
        "x86_64-darwin": {
          "outputs": [
            {
              "name": "out",
              "path": "/nix/store/lpn4pj00xpvjnr1zlz9xq76r686n16jy-go-1.22.1",
              "default": true
            }
          ],
          "store_path": "/nix/store/lpn4pj00xpvjnr1zlz9xq76r686n16jy-go-1.22.1"
        },
        "x86_64-linux": {
          "outputs": [
            {
              "name": "out",
              "path": "/nix/store/mzg3cka0bbr5jq96ysymwziw74fnk22m-go-1.22.1",
              "default": true
            }
          ],
          "store_path": "/nix/store/mzg3cka0bbr5jq96ysymwziw74fnk22m-go-1.22.1"
        }
      }
    },
    "golangci-lint@1.61.0": {
      "last_modified": "2024-09-10T15:01:03Z",
      "resolved": "github:NixOS/nixpkgs/5ed627539ac84809c78b2dd6d26a5cebeb5ae269#golangci-lint",
      "source": "devbox-search",
      "version": "1.61.0",
      "systems": {
        "aarch64-darwin": {
          "outputs": [
            {
              "name": "out",
              "path": "/nix/store/mycyzj74j3hb0z3cn93zl27vn636nzvp-golangci-lint-1.61.0",
              "default": true
            }
          ],
          "store_path": "/nix/store/mycyzj74j3hb0z3cn93zl27vn636nzvp-golangci-lint-1.61.0"
        },
        "aarch64-linux": {
          "outputs": [
            {
              "name": "out",
              "path": "/nix/store/615pmvpwdk4a8zvysig394qyxryycvv5-golangci-lint-1.61.0",
              "default": true
            }
          ],
          "store_path": "/nix/store/615pmvpwdk4a8zvysig394qyxryycvv5-golangci-lint-1.61.0"
        },
        "x86_64-darwin": {
          "outputs": [
            {
              "name": "out",
              "path": "/nix/store/1ka14pll6a8kmvp4m3j493kaks8kf7hk-golangci-lint-1.61.0",
              "default": true
            }
          ],
          "store_path": "/nix/store/1ka14pll6a8kmvp4m3j493kaks8kf7hk-golangci-lint-1.61.0"
        },
        "x86_64-linux": {
          "outputs": [
            {
              "name": "out",
              "path": "/nix/store/l9q9gr0500smf0wiqyv3q804ld8xdj21-golangci-lint-1.61.0",
              "default": true
            }
          ],
          "store_path": "/nix/store/l9q9gr0500smf0wiqyv3q804ld8xdj21-golangci-lint-1.61.0"
        }
      }
    },
    "gotestsum@1.11.0": {
      "last_modified": "2024-09-10T15:01:03Z",
      "resolved": "github:NixOS/nixpkgs/5ed627539ac84809c78b2dd6d26a5cebeb5ae269#gotestsum",
      "source": "devbox-search",
      "version": "1.11.0",
      "systems": {
        "aarch64-darwin": {
          "outputs": [
            {
              "name": "out",
              "path": "/nix/store/gkq6wldjndpcgg3vx4la6dpp0sgmqm4y-gotestsum-1.11.0",
              "default": true
            }
          ],
          "store_path": "/nix/store/gkq6wldjndpcgg3vx4la6dpp0sgmqm4y-gotestsum-1.11.0"
        },
        "aarch64-linux": {
          "outputs": [
            {
              "name": "out",
              "path": "/nix/store/dqj7agwyi9h11hd3775dnn66lzi5w8x2-gotestsum-1.11.0",
              "default": true
            }
          ],
          "store_path": "/nix/store/dqj7agwyi9h11hd3775dnn66lzi5w8x2-gotestsum-1.11.0"
        },
        "x86_64-darwin": {
          "outputs": [
            {
              "name": "out",
              "path": "/nix/store/f5dph9gaf4d1xni7ysdvr76i86b8p85l-gotestsum-1.11.0",
              "default": true
            }
          ],
          "store_path": "/nix/store/f5dph9gaf4d1xni7ysdvr76i86b8p85l-gotestsum-1.11.0"
        },
        "x86_64-linux": {
          "outputs": [
            {
              "name": "out",
              "path": "/nix/store/d6wki0gr4y5b3442x496hqbnxbyd16px-gotestsum-1.11.0",
              "default": true
            }
          ],
          "store_path": "/nix/store/d6wki0gr4y5b3442x496hqbnxbyd16px-gotestsum-1.11.0"
        }
      }
    }
  }
}
